// !$*UTF8*$!
{
	archiveVersion = 1;
	classes = {
	};
	objectVersion = 56;
	objects = {

/* Begin PBXBuildFile section */
		DBA9CB5B2D06991E00BC86F6 /* AppView.swift in Sources */ = {isa = PBXBuildFile; fileRef = DBA9CB5A2D06991E00BC86F6 /* AppView.swift */; };
		DBA9CB5D2D06991E00BC86F6 /* ContentView.swift in Sources */ = {isa = PBXBuildFile; fileRef = DBA9CB5C2D06991E00BC86F6 /* ContentView.swift */; };
		DBA9CB5F2D06992000BC86F6 /* Assets.xcassets in Resources */ = {isa = PBXBuildFile; fileRef = DBA9CB5E2D06992000BC86F6 /* Assets.xcassets */; };
		DBA9CB622D06992000BC86F6 /* Preview Assets.xcassets in Resources */ = {isa = PBXBuildFile; fileRef = DBA9CB612D06992000BC86F6 /* Preview Assets.xcassets */; };
		DBA9CB6C2D06992000BC86F6 /* call_layuout_swiftuiTests.swift in Sources */ = {isa = PBXBuildFile; fileRef = DBA9CB6B2D06992000BC86F6 /* call_layuout_swiftuiTests.swift */; };
		DBA9CB762D06992000BC86F6 /* call_layuout_swiftuiUITests.swift in Sources */ = {isa = PBXBuildFile; fileRef = DBA9CB752D06992000BC86F6 /* call_layuout_swiftuiUITests.swift */; };
		DBA9CB782D06992000BC86F6 /* call_layuout_swiftuiUITestsLaunchTests.swift in Sources */ = {isa = PBXBuildFile; fileRef = DBA9CB772D06992000BC86F6 /* call_layuout_swiftuiUITestsLaunchTests.swift */; };
		DBA9CB852D06A76700BC86F6 /* CallView.swift in Sources */ = {isa = PBXBuildFile; fileRef = DBA9CB842D06A76700BC86F6 /* CallView.swift */; };
		DBA9CB882D06D3F700BC86F6 /* CallViewModel.swift in Sources */ = {isa = PBXBuildFile; fileRef = DBA9CB872D06D3F700BC86F6 /* CallViewModel.swift */; };
/* End PBXBuildFile section */

/* Begin PBXContainerItemProxy section */
		DBA9CB682D06992000BC86F6 /* PBXContainerItemProxy */ = {
			isa = PBXContainerItemProxy;
			containerPortal = DBA9CB4F2D06991E00BC86F6 /* Project object */;
			proxyType = 1;
			remoteGlobalIDString = DBA9CB562D06991E00BC86F6;
			remoteInfo = "call-layuout-swiftui";
		};
		DBA9CB722D06992000BC86F6 /* PBXContainerItemProxy */ = {
			isa = PBXContainerItemProxy;
			containerPortal = DBA9CB4F2D06991E00BC86F6 /* Project object */;
			proxyType = 1;
			remoteGlobalIDString = DBA9CB562D06991E00BC86F6;
			remoteInfo = "call-layuout-swiftui";
		};
/* End PBXContainerItemProxy section */

/* Begin PBXFileReference section */
		DBA9CB572D06991E00BC86F6 /* call-layuout-swiftui.app */ = {isa = PBXFileReference; explicitFileType = wrapper.application; includeInIndex = 0; path = "call-layuout-swiftui.app"; sourceTree = BUILT_PRODUCTS_DIR; };
		DBA9CB5A2D06991E00BC86F6 /* AppView.swift */ = {isa = PBXFileReference; lastKnownFileType = sourcecode.swift; path = AppView.swift; sourceTree = "<group>"; };
		DBA9CB5C2D06991E00BC86F6 /* ContentView.swift */ = {isa = PBXFileReference; lastKnownFileType = sourcecode.swift; path = ContentView.swift; sourceTree = "<group>"; };
		DBA9CB5E2D06992000BC86F6 /* Assets.xcassets */ = {isa = PBXFileReference; lastKnownFileType = folder.assetcatalog; path = Assets.xcassets; sourceTree = "<group>"; };
		DBA9CB612D06992000BC86F6 /* Preview Assets.xcassets */ = {isa = PBXFileReference; lastKnownFileType = folder.assetcatalog; path = "Preview Assets.xcassets"; sourceTree = "<group>"; };
		DBA9CB672D06992000BC86F6 /* call-layuout-swiftuiTests.xctest */ = {isa = PBXFileReference; explicitFileType = wrapper.cfbundle; includeInIndex = 0; path = "call-layuout-swiftuiTests.xctest"; sourceTree = BUILT_PRODUCTS_DIR; };
		DBA9CB6B2D06992000BC86F6 /* call_layuout_swiftuiTests.swift */ = {isa = PBXFileReference; lastKnownFileType = sourcecode.swift; path = call_layuout_swiftuiTests.swift; sourceTree = "<group>"; };
		DBA9CB712D06992000BC86F6 /* call-layuout-swiftuiUITests.xctest */ = {isa = PBXFileReference; explicitFileType = wrapper.cfbundle; includeInIndex = 0; path = "call-layuout-swiftuiUITests.xctest"; sourceTree = BUILT_PRODUCTS_DIR; };
		DBA9CB752D06992000BC86F6 /* call_layuout_swiftuiUITests.swift */ = {isa = PBXFileReference; lastKnownFileType = sourcecode.swift; path = call_layuout_swiftuiUITests.swift; sourceTree = "<group>"; };
		DBA9CB772D06992000BC86F6 /* call_layuout_swiftuiUITestsLaunchTests.swift */ = {isa = PBXFileReference; lastKnownFileType = sourcecode.swift; path = call_layuout_swiftuiUITestsLaunchTests.swift; sourceTree = "<group>"; };
		DBA9CB842D06A76700BC86F6 /* CallView.swift */ = {isa = PBXFileReference; lastKnownFileType = sourcecode.swift; path = CallView.swift; sourceTree = "<group>"; };
		DBA9CB872D06D3F700BC86F6 /* CallViewModel.swift */ = {isa = PBXFileReference; lastKnownFileType = sourcecode.swift; path = CallViewModel.swift; sourceTree = "<group>"; };
/* End PBXFileReference section */

/* Begin PBXFrameworksBuildPhase section */
		DBA9CB542D06991E00BC86F6 /* Frameworks */ = {
			isa = PBXFrameworksBuildPhase;
			buildActionMask = 2147483647;
			files = (
			);
			runOnlyForDeploymentPostprocessing = 0;
		};
		DBA9CB642D06992000BC86F6 /* Frameworks */ = {
			isa = PBXFrameworksBuildPhase;
			buildActionMask = 2147483647;
			files = (
			);
			runOnlyForDeploymentPostprocessing = 0;
		};
		DBA9CB6E2D06992000BC86F6 /* Frameworks */ = {
			isa = PBXFrameworksBuildPhase;
			buildActionMask = 2147483647;
			files = (
			);
			runOnlyForDeploymentPostprocessing = 0;
		};
/* End PBXFrameworksBuildPhase section */

/* Begin PBXGroup section */
		DBA9CB4E2D06991E00BC86F6 = {
			isa = PBXGroup;
			children = (
				DBA9CB592D06991E00BC86F6 /* call-layuout-swiftui */,
				DBA9CB6A2D06992000BC86F6 /* call-layuout-swiftuiTests */,
				DBA9CB742D06992000BC86F6 /* call-layuout-swiftuiUITests */,
				DBA9CB582D06991E00BC86F6 /* Products */,
			);
			sourceTree = "<group>";
		};
		DBA9CB582D06991E00BC86F6 /* Products */ = {
			isa = PBXGroup;
			children = (
				DBA9CB572D06991E00BC86F6 /* call-layuout-swiftui.app */,
				DBA9CB672D06992000BC86F6 /* call-layuout-swiftuiTests.xctest */,
				DBA9CB712D06992000BC86F6 /* call-layuout-swiftuiUITests.xctest */,
			);
			name = Products;
			sourceTree = "<group>";
		};
		DBA9CB592D06991E00BC86F6 /* call-layuout-swiftui */ = {
			isa = PBXGroup;
			children = (
				DBA9CB5A2D06991E00BC86F6 /* AppView.swift */,
				DBA9CB5C2D06991E00BC86F6 /* ContentView.swift */,
				DBA9CB862D06D3E900BC86F6 /* Call */,
				DBA9CB5E2D06992000BC86F6 /* Assets.xcassets */,
				DBA9CB602D06992000BC86F6 /* Preview Content */,
			);
			path = "call-layuout-swiftui";
			sourceTree = "<group>";
		};
		DBA9CB602D06992000BC86F6 /* Preview Content */ = {
			isa = PBXGroup;
			children = (
				DBA9CB612D06992000BC86F6 /* Preview Assets.xcassets */,
			);
			path = "Preview Content";
			sourceTree = "<group>";
		};
		DBA9CB6A2D06992000BC86F6 /* call-layuout-swiftuiTests */ = {
			isa = PBXGroup;
			children = (
				DBA9CB6B2D06992000BC86F6 /* call_layuout_swiftuiTests.swift */,
			);
			path = "call-layuout-swiftuiTests";
			sourceTree = "<group>";
		};
		DBA9CB742D06992000BC86F6 /* call-layuout-swiftuiUITests */ = {
			isa = PBXGroup;
			children = (
				DBA9CB752D06992000BC86F6 /* call_layuout_swiftuiUITests.swift */,
				DBA9CB772D06992000BC86F6 /* call_layuout_swiftuiUITestsLaunchTests.swift */,
			);
			path = "call-layuout-swiftuiUITests";
			sourceTree = "<group>";
		};
		DBA9CB862D06D3E900BC86F6 /* Call */ = {
			isa = PBXGroup;
			children = (
				DBA9CB842D06A76700BC86F6 /* CallView.swift */,
				DBA9CB872D06D3F700BC86F6 /* CallViewModel.swift */,
			);
			path = Call;
			sourceTree = "<group>";
		};
/* End PBXGroup section */

/* Begin PBXNativeTarget section */
		DBA9CB562D06991E00BC86F6 /* call-layuout-swiftui */ = {
			isa = PBXNativeTarget;
			buildConfigurationList = DBA9CB7B2D06992000BC86F6 /* Build configuration list for PBXNativeTarget "call-layuout-swiftui" */;
			buildPhases = (
				DBA9CB532D06991E00BC86F6 /* Sources */,
				DBA9CB542D06991E00BC86F6 /* Frameworks */,
				DBA9CB552D06991E00BC86F6 /* Resources */,
			);
			buildRules = (
			);
			dependencies = (
			);
			name = "call-layuout-swiftui";
			productName = "call-layuout-swiftui";
			productReference = DBA9CB572D06991E00BC86F6 /* call-layuout-swiftui.app */;
			productType = "com.apple.product-type.application";
		};
		DBA9CB662D06992000BC86F6 /* call-layuout-swiftuiTests */ = {
			isa = PBXNativeTarget;
			buildConfigurationList = DBA9CB7E2D06992000BC86F6 /* Build configuration list for PBXNativeTarget "call-layuout-swiftuiTests" */;
			buildPhases = (
				DBA9CB632D06992000BC86F6 /* Sources */,
				DBA9CB642D06992000BC86F6 /* Frameworks */,
				DBA9CB652D06992000BC86F6 /* Resources */,
			);
			buildRules = (
			);
			dependencies = (
				DBA9CB692D06992000BC86F6 /* PBXTargetDependency */,
			);
			name = "call-layuout-swiftuiTests";
			productName = "call-layuout-swiftuiTests";
			productReference = DBA9CB672D06992000BC86F6 /* call-layuout-swiftuiTests.xctest */;
			productType = "com.apple.product-type.bundle.unit-test";
		};
		DBA9CB702D06992000BC86F6 /* call-layuout-swiftuiUITests */ = {
			isa = PBXNativeTarget;
			buildConfigurationList = DBA9CB812D06992000BC86F6 /* Build configuration list for PBXNativeTarget "call-layuout-swiftuiUITests" */;
			buildPhases = (
				DBA9CB6D2D06992000BC86F6 /* Sources */,
				DBA9CB6E2D06992000BC86F6 /* Frameworks */,
				DBA9CB6F2D06992000BC86F6 /* Resources */,
			);
			buildRules = (
			);
			dependencies = (
				DBA9CB732D06992000BC86F6 /* PBXTargetDependency */,
			);
			name = "call-layuout-swiftuiUITests";
			productName = "call-layuout-swiftuiUITests";
			productReference = DBA9CB712D06992000BC86F6 /* call-layuout-swiftuiUITests.xctest */;
			productType = "com.apple.product-type.bundle.ui-testing";
		};
/* End PBXNativeTarget section */

/* Begin PBXProject section */
		DBA9CB4F2D06991E00BC86F6 /* Project object */ = {
			isa = PBXProject;
			attributes = {
				BuildIndependentTargetsInParallel = 1;
				LastSwiftUpdateCheck = 1540;
				LastUpgradeCheck = 1540;
				TargetAttributes = {
					DBA9CB562D06991E00BC86F6 = {
						CreatedOnToolsVersion = 15.4;
					};
					DBA9CB662D06992000BC86F6 = {
						CreatedOnToolsVersion = 15.4;
						TestTargetID = DBA9CB562D06991E00BC86F6;
					};
					DBA9CB702D06992000BC86F6 = {
						CreatedOnToolsVersion = 15.4;
						TestTargetID = DBA9CB562D06991E00BC86F6;
					};
				};
			};
			buildConfigurationList = DBA9CB522D06991E00BC86F6 /* Build configuration list for PBXProject "call-layuout-swiftui" */;
			compatibilityVersion = "Xcode 14.0";
			developmentRegion = en;
			hasScannedForEncodings = 0;
			knownRegions = (
				en,
				Base,
			);
			mainGroup = DBA9CB4E2D06991E00BC86F6;
			productRefGroup = DBA9CB582D06991E00BC86F6 /* Products */;
			projectDirPath = "";
			projectRoot = "";
			targets = (
				DBA9CB562D06991E00BC86F6 /* call-layuout-swiftui */,
				DBA9CB662D06992000BC86F6 /* call-layuout-swiftuiTests */,
				DBA9CB702D06992000BC86F6 /* call-layuout-swiftuiUITests */,
			);
		};
/* End PBXProject section */

/* Begin PBXResourcesBuildPhase section */
		DBA9CB552D06991E00BC86F6 /* Resources */ = {
			isa = PBXResourcesBuildPhase;
			buildActionMask = 2147483647;
			files = (
				DBA9CB622D06992000BC86F6 /* Preview Assets.xcassets in Resources */,
				DBA9CB5F2D06992000BC86F6 /* Assets.xcassets in Resources */,
			);
			runOnlyForDeploymentPostprocessing = 0;
		};
		DBA9CB652D06992000BC86F6 /* Resources */ = {
			isa = PBXResourcesBuildPhase;
			buildActionMask = 2147483647;
			files = (
			);
			runOnlyForDeploymentPostprocessing = 0;
		};
		DBA9CB6F2D06992000BC86F6 /* Resources */ = {
			isa = PBXResourcesBuildPhase;
			buildActionMask = 2147483647;
			files = (
			);
			runOnlyForDeploymentPostprocessing = 0;
		};
/* End PBXResourcesBuildPhase section */

/* Begin PBXSourcesBuildPhase section */
		DBA9CB532D06991E00BC86F6 /* Sources */ = {
			isa = PBXSourcesBuildPhase;
			buildActionMask = 2147483647;
			files = (
				DBA9CB852D06A76700BC86F6 /* CallView.swift in Sources */,
				DBA9CB5D2D06991E00BC86F6 /* ContentView.swift in Sources */,
				DBA9CB882D06D3F700BC86F6 /* CallViewModel.swift in Sources */,
				DBA9CB5B2D06991E00BC86F6 /* AppView.swift in Sources */,
			);
			runOnlyForDeploymentPostprocessing = 0;
		};
		DBA9CB632D06992000BC86F6 /* Sources */ = {
			isa = PBXSourcesBuildPhase;
			buildActionMask = 2147483647;
			files = (
				DBA9CB6C2D06992000BC86F6 /* call_layuout_swiftuiTests.swift in Sources */,
			);
			runOnlyForDeploymentPostprocessing = 0;
		};
		DBA9CB6D2D06992000BC86F6 /* Sources */ = {
			isa = PBXSourcesBuildPhase;
			buildActionMask = 2147483647;
			files = (
				DBA9CB782D06992000BC86F6 /* call_layuout_swiftuiUITestsLaunchTests.swift in Sources */,
				DBA9CB762D06992000BC86F6 /* call_layuout_swiftuiUITests.swift in Sources */,
			);
			runOnlyForDeploymentPostprocessing = 0;
		};
/* End PBXSourcesBuildPhase section */

/* Begin PBXTargetDependency section */
		DBA9CB692D06992000BC86F6 /* PBXTargetDependency */ = {
			isa = PBXTargetDependency;
			target = DBA9CB562D06991E00BC86F6 /* call-layuout-swiftui */;
			targetProxy = DBA9CB682D06992000BC86F6 /* PBXContainerItemProxy */;
		};
		DBA9CB732D06992000BC86F6 /* PBXTargetDependency */ = {
			isa = PBXTargetDependency;
			target = DBA9CB562D06991E00BC86F6 /* call-layuout-swiftui */;
			targetProxy = DBA9CB722D06992000BC86F6 /* PBXContainerItemProxy */;
		};
/* End PBXTargetDependency section */

/* Begin XCBuildConfiguration section */
		DBA9CB792D06992000BC86F6 /* Debug */ = {
			isa = XCBuildConfiguration;
			buildSettings = {
				ALWAYS_SEARCH_USER_PATHS = NO;
				ASSETCATALOG_COMPILER_GENERATE_SWIFT_ASSET_SYMBOL_EXTENSIONS = YES;
				CLANG_ANALYZER_NONNULL = YES;
				CLANG_ANALYZER_NUMBER_OBJECT_CONVERSION = YES_AGGRESSIVE;
				CLANG_CXX_LANGUAGE_STANDARD = "gnu++20";
				CLANG_ENABLE_MODULES = YES;
				CLANG_ENABLE_OBJC_ARC = YES;
				CLANG_ENABLE_OBJC_WEAK = YES;
				CLANG_WARN_BLOCK_CAPTURE_AUTORELEASING = YES;
				CLANG_WARN_BOOL_CONVERSION = YES;
				CLANG_WARN_COMMA = YES;
				CLANG_WARN_CONSTANT_CONVERSION = YES;
				CLANG_WARN_DEPRECATED_OBJC_IMPLEMENTATIONS = YES;
				CLANG_WARN_DIRECT_OBJC_ISA_USAGE = YES_ERROR;
				CLANG_WARN_DOCUMENTATION_COMMENTS = YES;
				CLANG_WARN_EMPTY_BODY = YES;
				CLANG_WARN_ENUM_CONVERSION = YES;
				CLANG_WARN_INFINITE_RECURSION = YES;
				CLANG_WARN_INT_CONVERSION = YES;
				CLANG_WARN_NON_LITERAL_NULL_CONVERSION = YES;
				CLANG_WARN_OBJC_IMPLICIT_RETAIN_SELF = YES;
				CLANG_WARN_OBJC_LITERAL_CONVERSION = YES;
				CLANG_WARN_OBJC_ROOT_CLASS = YES_ERROR;
				CLANG_WARN_QUOTED_INCLUDE_IN_FRAMEWORK_HEADER = YES;
				CLANG_WARN_RANGE_LOOP_ANALYSIS = YES;
				CLANG_WARN_STRICT_PROTOTYPES = YES;
				CLANG_WARN_SUSPICIOUS_MOVE = YES;
				CLANG_WARN_UNGUARDED_AVAILABILITY = YES_AGGRESSIVE;
				CLANG_WARN_UNREACHABLE_CODE = YES;
				CLANG_WARN__DUPLICATE_METHOD_MATCH = YES;
				COPY_PHASE_STRIP = NO;
				DEBUG_INFORMATION_FORMAT = dwarf;
				ENABLE_STRICT_OBJC_MSGSEND = YES;
				ENABLE_TESTABILITY = YES;
				ENABLE_USER_SCRIPT_SANDBOXING = YES;
				GCC_C_LANGUAGE_STANDARD = gnu17;
				GCC_DYNAMIC_NO_PIC = NO;
				GCC_NO_COMMON_BLOCKS = YES;
				GCC_OPTIMIZATION_LEVEL = 0;
				GCC_PREPROCESSOR_DEFINITIONS = (
					"DEBUG=1",
					"$(inherited)",
				);
				GCC_WARN_64_TO_32_BIT_CONVERSION = YES;
				GCC_WARN_ABOUT_RETURN_TYPE = YES_ERROR;
				GCC_WARN_UNDECLARED_SELECTOR = YES;
				GCC_WARN_UNINITIALIZED_AUTOS = YES_AGGRESSIVE;
				GCC_WARN_UNUSED_FUNCTION = YES;
				GCC_WARN_UNUSED_VARIABLE = YES;
				IPHONEOS_DEPLOYMENT_TARGET = 15.0;
				LOCALIZATION_PREFERS_STRING_CATALOGS = YES;
				MTL_ENABLE_DEBUG_INFO = INCLUDE_SOURCE;
				MTL_FAST_MATH = YES;
				ONLY_ACTIVE_ARCH = YES;
				SDKROOT = iphoneos;
				SWIFT_ACTIVE_COMPILATION_CONDITIONS = "DEBUG $(inherited)";
				SWIFT_OPTIMIZATION_LEVEL = "-Onone";
			};
			name = Debug;
		};
		DBA9CB7A2D06992000BC86F6 /* Release */ = {
			isa = XCBuildConfiguration;
			buildSettings = {
				ALWAYS_SEARCH_USER_PATHS = NO;
				ASSETCATALOG_COMPILER_GENERATE_SWIFT_ASSET_SYMBOL_EXTENSIONS = YES;
				CLANG_ANALYZER_NONNULL = YES;
				CLANG_ANALYZER_NUMBER_OBJECT_CONVERSION = YES_AGGRESSIVE;
				CLANG_CXX_LANGUAGE_STANDARD = "gnu++20";
				CLANG_ENABLE_MODULES = YES;
				CLANG_ENABLE_OBJC_ARC = YES;
				CLANG_ENABLE_OBJC_WEAK = YES;
				CLANG_WARN_BLOCK_CAPTURE_AUTORELEASING = YES;
				CLANG_WARN_BOOL_CONVERSION = YES;
				CLANG_WARN_COMMA = YES;
				CLANG_WARN_CONSTANT_CONVERSION = YES;
				CLANG_WARN_DEPRECATED_OBJC_IMPLEMENTATIONS = YES;
				CLANG_WARN_DIRECT_OBJC_ISA_USAGE = YES_ERROR;
				CLANG_WARN_DOCUMENTATION_COMMENTS = YES;
				CLANG_WARN_EMPTY_BODY = YES;
				CLANG_WARN_ENUM_CONVERSION = YES;
				CLANG_WARN_INFINITE_RECURSION = YES;
				CLANG_WARN_INT_CONVERSION = YES;
				CLANG_WARN_NON_LITERAL_NULL_CONVERSION = YES;
				CLANG_WARN_OBJC_IMPLICIT_RETAIN_SELF = YES;
				CLANG_WARN_OBJC_LITERAL_CONVERSION = YES;
				CLANG_WARN_OBJC_ROOT_CLASS = YES_ERROR;
				CLANG_WARN_QUOTED_INCLUDE_IN_FRAMEWORK_HEADER = YES;
				CLANG_WARN_RANGE_LOOP_ANALYSIS = YES;
				CLANG_WARN_STRICT_PROTOTYPES = YES;
				CLANG_WARN_SUSPICIOUS_MOVE = YES;
				CLANG_WARN_UNGUARDED_AVAILABILITY = YES_AGGRESSIVE;
				CLANG_WARN_UNREACHABLE_CODE = YES;
				CLANG_WARN__DUPLICATE_METHOD_MATCH = YES;
				COPY_PHASE_STRIP = NO;
				DEBUG_INFORMATION_FORMAT = "dwarf-with-dsym";
				ENABLE_NS_ASSERTIONS = NO;
				ENABLE_STRICT_OBJC_MSGSEND = YES;
				ENABLE_USER_SCRIPT_SANDBOXING = YES;
				GCC_C_LANGUAGE_STANDARD = gnu17;
				GCC_NO_COMMON_BLOCKS = YES;
				GCC_WARN_64_TO_32_BIT_CONVERSION = YES;
				GCC_WARN_ABOUT_RETURN_TYPE = YES_ERROR;
				GCC_WARN_UNDECLARED_SELECTOR = YES;
				GCC_WARN_UNINITIALIZED_AUTOS = YES_AGGRESSIVE;
				GCC_WARN_UNUSED_FUNCTION = YES;
				GCC_WARN_UNUSED_VARIABLE = YES;
				IPHONEOS_DEPLOYMENT_TARGET = 15.0;
				LOCALIZATION_PREFERS_STRING_CATALOGS = YES;
				MTL_ENABLE_DEBUG_INFO = NO;
				MTL_FAST_MATH = YES;
				SDKROOT = iphoneos;
				SWIFT_COMPILATION_MODE = wholemodule;
				VALIDATE_PRODUCT = YES;
			};
			name = Release;
		};
		DBA9CB7C2D06992000BC86F6 /* Debug */ = {
			isa = XCBuildConfiguration;
			buildSettings = {
				ASSETCATALOG_COMPILER_APPICON_NAME = AppIcon;
				ASSETCATALOG_COMPILER_GLOBAL_ACCENT_COLOR_NAME = AccentColor;
				CODE_SIGN_STYLE = Automatic;
				CURRENT_PROJECT_VERSION = 1;
				DEVELOPMENT_ASSET_PATHS = "\"call-layuout-swiftui/Preview Content\"";
				DEVELOPMENT_TEAM = 89L4MG5659;
				ENABLE_PREVIEWS = YES;
				GENERATE_INFOPLIST_FILE = YES;
				INFOPLIST_KEY_UIApplicationSceneManifest_Generation = YES;
				INFOPLIST_KEY_UIApplicationSupportsIndirectInputEvents = YES;
				INFOPLIST_KEY_UILaunchScreen_Generation = YES;
				INFOPLIST_KEY_UISupportedInterfaceOrientations_iPad = "UIInterfaceOrientationPortrait UIInterfaceOrientationPortraitUpsideDown UIInterfaceOrientationLandscapeLeft UIInterfaceOrientationLandscapeRight";
				INFOPLIST_KEY_UISupportedInterfaceOrientations_iPhone = "UIInterfaceOrientationPortrait UIInterfaceOrientationLandscapeLeft UIInterfaceOrientationLandscapeRight";
				IPHONEOS_DEPLOYMENT_TARGET = 15.0;
				LD_RUNPATH_SEARCH_PATHS = (
					"$(inherited)",
					"@executable_path/Frameworks",
				);
				MARKETING_VERSION = 1.0;
				PRODUCT_BUNDLE_IDENTIFIER = "com.call.swiftui.call-layuout-swiftui";
				PRODUCT_NAME = "$(TARGET_NAME)";
				SWIFT_EMIT_LOC_STRINGS = YES;
				SWIFT_VERSION = 5.0;
				TARGETED_DEVICE_FAMILY = "1,2";
			};
			name = Debug;
		};
		DBA9CB7D2D06992000BC86F6 /* Release */ = {
			isa = XCBuildConfiguration;
			buildSettings = {
				ASSETCATALOG_COMPILER_APPICON_NAME = AppIcon;
				ASSETCATALOG_COMPILER_GLOBAL_ACCENT_COLOR_NAME = AccentColor;
				CODE_SIGN_STYLE = Automatic;
				CURRENT_PROJECT_VERSION = 1;
				DEVELOPMENT_ASSET_PATHS = "\"call-layuout-swiftui/Preview Content\"";
				DEVELOPMENT_TEAM = 89L4MG5659;
				ENABLE_PREVIEWS = YES;
				GENERATE_INFOPLIST_FILE = YES;
				INFOPLIST_KEY_UIApplicationSceneManifest_Generation = YES;
				INFOPLIST_KEY_UIApplicationSupportsIndirectInputEvents = YES;
				INFOPLIST_KEY_UILaunchScreen_Generation = YES;
				INFOPLIST_KEY_UISupportedInterfaceOrientations_iPad = "UIInterfaceOrientationPortrait UIInterfaceOrientationPortraitUpsideDown UIInterfaceOrientationLandscapeLeft UIInterfaceOrientationLandscapeRight";
				INFOPLIST_KEY_UISupportedInterfaceOrientations_iPhone = "UIInterfaceOrientationPortrait UIInterfaceOrientationLandscapeLeft UIInterfaceOrientationLandscapeRight";
				IPHONEOS_DEPLOYMENT_TARGET = 15.0;
				LD_RUNPATH_SEARCH_PATHS = (
					"$(inherited)",
					"@executable_path/Frameworks",
				);
				MARKETING_VERSION = 1.0;
				PRODUCT_BUNDLE_IDENTIFIER = "com.call.swiftui.call-layuout-swiftui";
				PRODUCT_NAME = "$(TARGET_NAME)";
				SWIFT_EMIT_LOC_STRINGS = YES;
				SWIFT_VERSION = 5.0;
				TARGETED_DEVICE_FAMILY = "1,2";
			};
			name = Release;
		};
		DBA9CB7F2D06992000BC86F6 /* Debug */ = {
			isa = XCBuildConfiguration;
			buildSettings = {
				ALWAYS_EMBED_SWIFT_STANDARD_LIBRARIES = YES;
				BUNDLE_LOADER = "$(TEST_HOST)";
				CODE_SIGN_STYLE = Automatic;
				CURRENT_PROJECT_VERSION = 1;
				DEVELOPMENT_TEAM = 89L4MG5659;
				GENERATE_INFOPLIST_FILE = YES;
				IPHONEOS_DEPLOYMENT_TARGET = 17.5;
				MARKETING_VERSION = 1.0;
				PRODUCT_BUNDLE_IDENTIFIER = "com.call.swiftui.call-layuout-swiftuiTests";
				PRODUCT_NAME = "$(TARGET_NAME)";
				SWIFT_EMIT_LOC_STRINGS = NO;
				SWIFT_VERSION = 5.0;
				TARGETED_DEVICE_FAMILY = "1,2";
				TEST_HOST = "$(BUILT_PRODUCTS_DIR)/call-layuout-swiftui.app/$(BUNDLE_EXECUTABLE_FOLDER_PATH)/call-layuout-swiftui";
			};
			name = Debug;
		};
		DBA9CB802D06992000BC86F6 /* Release */ = {
			isa = XCBuildConfiguration;
			buildSettings = {
				ALWAYS_EMBED_SWIFT_STANDARD_LIBRARIES = YES;
				BUNDLE_LOADER = "$(TEST_HOST)";
				CODE_SIGN_STYLE = Automatic;
				CURRENT_PROJECT_VERSION = 1;
				DEVELOPMENT_TEAM = 89L4MG5659;
				GENERATE_INFOPLIST_FILE = YES;
				IPHONEOS_DEPLOYMENT_TARGET = 17.5;
				MARKETING_VERSION = 1.0;
				PRODUCT_BUNDLE_IDENTIFIER = "com.call.swiftui.call-layuout-swiftuiTests";
				PRODUCT_NAME = "$(TARGET_NAME)";
				SWIFT_EMIT_LOC_STRINGS = NO;
				SWIFT_VERSION = 5.0;
				TARGETED_DEVICE_FAMILY = "1,2";
				TEST_HOST = "$(BUILT_PRODUCTS_DIR)/call-layuout-swiftui.app/$(BUNDLE_EXECUTABLE_FOLDER_PATH)/call-layuout-swiftui";
			};
			name = Release;
		};
		DBA9CB822D06992000BC86F6 /* Debug */ = {
			isa = XCBuildConfiguration;
			buildSettings = {
				ALWAYS_EMBED_SWIFT_STANDARD_LIBRARIES = YES;
				CODE_SIGN_STYLE = Automatic;
				CURRENT_PROJECT_VERSION = 1;
				DEVELOPMENT_TEAM = 89L4MG5659;
				GENERATE_INFOPLIST_FILE = YES;
				MARKETING_VERSION = 1.0;
				PRODUCT_BUNDLE_IDENTIFIER = "com.call.swiftui.call-layuout-swiftuiUITests";
				PRODUCT_NAME = "$(TARGET_NAME)";
				SWIFT_EMIT_LOC_STRINGS = NO;
				SWIFT_VERSION = 5.0;
				TARGETED_DEVICE_FAMILY = "1,2";
				TEST_TARGET_NAME = "call-layuout-swiftui";
			};
			name = Debug;
		};
		DBA9CB832D06992000BC86F6 /* Release */ = {
			isa = XCBuildConfiguration;
			buildSettings = {
				ALWAYS_EMBED_SWIFT_STANDARD_LIBRARIES = YES;
				CODE_SIGN_STYLE = Automatic;
				CURRENT_PROJECT_VERSION = 1;
				DEVELOPMENT_TEAM = 89L4MG5659;
				GENERATE_INFOPLIST_FILE = YES;
				MARKETING_VERSION = 1.0;
				PRODUCT_BUNDLE_IDENTIFIER = "com.call.swiftui.call-layuout-swiftuiUITests";
				PRODUCT_NAME = "$(TARGET_NAME)";
				SWIFT_EMIT_LOC_STRINGS = NO;
				SWIFT_VERSION = 5.0;
				TARGETED_DEVICE_FAMILY = "1,2";
				TEST_TARGET_NAME = "call-layuout-swiftui";
			};
			name = Release;
		};
/* End XCBuildConfiguration section */

/* Begin XCConfigurationList section */
		DBA9CB522D06991E00BC86F6 /* Build configuration list for PBXProject "call-layuout-swiftui" */ = {
			isa = XCConfigurationList;
			buildConfigurations = (
				DBA9CB792D06992000BC86F6 /* Debug */,
				DBA9CB7A2D06992000BC86F6 /* Release */,
			);
			defaultConfigurationIsVisible = 0;
			defaultConfigurationName = Release;
		};
		DBA9CB7B2D06992000BC86F6 /* Build configuration list for PBXNativeTarget "call-layuout-swiftui" */ = {
			isa = XCConfigurationList;
			buildConfigurations = (
				DBA9CB7C2D06992000BC86F6 /* Debug */,
				DBA9CB7D2D06992000BC86F6 /* Release */,
			);
			defaultConfigurationIsVisible = 0;
			defaultConfigurationName = Release;
		};
		DBA9CB7E2D06992000BC86F6 /* Build configuration list for PBXNativeTarget "call-layuout-swiftuiTests" */ = {
			isa = XCConfigurationList;
			buildConfigurations = (
				DBA9CB7F2D06992000BC86F6 /* Debug */,
				DBA9CB802D06992000BC86F6 /* Release */,
			);
			defaultConfigurationIsVisible = 0;
			defaultConfigurationName = Release;
		};
		DBA9CB812D06992000BC86F6 /* Build configuration list for PBXNativeTarget "call-layuout-swiftuiUITests" */ = {
			isa = XCConfigurationList;
			buildConfigurations = (
				DBA9CB822D06992000BC86F6 /* Debug */,
				DBA9CB832D06992000BC86F6 /* Release */,
			);
			defaultConfigurationIsVisible = 0;
			defaultConfigurationName = Release;
		};
/* End XCConfigurationList section */
	};
	rootObject = DBA9CB4F2D06991E00BC86F6 /* Project object */;
}
